
Microsoft Visual Studio Solution File, Format Version 12.00
# Visual Studio 2012
Project("{F184B08F-C81C-45F6-A57F-5ABD9991F28F}") = "Triangle Checker", "Triangle Checker\Triangle Checker.vbproj", "{BDECBB42-5118-4169-94BC-03A17E9E6D1D}"
EndProject
Global
	GlobalSection(SolutionConfigurationPlatforms) = preSolution
		Debug|Any CPU = Debug|Any CPU
		Release|Any CPU = Release|Any CPU
	EndGlobalSection
	GlobalSection(ProjectConfigurationPlatforms) = postSolution
		{BDECBB42-5118-4169-94BC-03A17E9E6D1D}.Debug|Any CPU.ActiveCfg = Debug|Any CPU
		{BDECBB42-5118-4169-94BC-03A17E9E6D1D}.Debug|Any CPU.Build.0 = Debug|Any CPU
		{BDECBB42-5118-4169-94BC-03A17E9E6D1D}.Release|Any CPU.ActiveCfg = Release|Any CPU
		{BDECBB42-5118-4169-94BC-03A17E9E6D1D}.Release|Any CPU.Build.0 = Release|Any CPU
	EndGlobalSection
	GlobalSection(SolutionProperties) = preSolution
		HideSolutionNode = FALSE
	EndGlobalSection
EndGlobal
